// !$*UTF8*$!
{
	archiveVersion = 1;
	classes = {
	};
	objectVersion = 56;
	objects = {

/* Begin PBXBuildFile section */
		5E730D882A8A672B00C7A530 /* SwiftfulThinkingBootcampApp.swift in Sources */ = {isa = PBXBuildFile; fileRef = 5E730D872A8A672B00C7A530 /* SwiftfulThinkingBootcampApp.swift */; };
		5E730D8A2A8A672B00C7A530 /* ContentView.swift in Sources */ = {isa = PBXBuildFile; fileRef = 5E730D892A8A672B00C7A530 /* ContentView.swift */; };
		5E730D8C2A8A672D00C7A530 /* Assets.xcassets in Resources */ = {isa = PBXBuildFile; fileRef = 5E730D8B2A8A672D00C7A530 /* Assets.xcassets */; };
		5E730D8F2A8A672D00C7A530 /* Preview Assets.xcassets in Resources */ = {isa = PBXBuildFile; fileRef = 5E730D8E2A8A672D00C7A530 /* Preview Assets.xcassets */; };
		5E730D962A8D05D100C7A530 /* TextBootcamp.swift in Sources */ = {isa = PBXBuildFile; fileRef = 5E730D952A8D05D100C7A530 /* TextBootcamp.swift */; };
		5E730D982A8D0D9E00C7A530 /* ShapesBootcamp.swift in Sources */ = {isa = PBXBuildFile; fileRef = 5E730D972A8D0D9E00C7A530 /* ShapesBootcamp.swift */; };
		5E730D9A2A90B95600C7A530 /* ColorsBootcamp.swift in Sources */ = {isa = PBXBuildFile; fileRef = 5E730D992A90B95600C7A530 /* ColorsBootcamp.swift */; };
		5E730D9C2A90C15000C7A530 /* GradientsBootcamp.swift in Sources */ = {isa = PBXBuildFile; fileRef = 5E730D9B2A90C15000C7A530 /* GradientsBootcamp.swift */; };
		5E730D9E2AA3255C00C7A530 /* IconsBootcamp.swift in Sources */ = {isa = PBXBuildFile; fileRef = 5E730D9D2AA3255C00C7A530 /* IconsBootcamp.swift */; };
		5E730DA02AA3300B00C7A530 /* ImageBootcamp.swift in Sources */ = {isa = PBXBuildFile; fileRef = 5E730D9F2AA3300B00C7A530 /* ImageBootcamp.swift */; };
		5E730DA22AA3373300C7A530 /* FrameBootcamp.swift in Sources */ = {isa = PBXBuildFile; fileRef = 5E730DA12AA3373300C7A530 /* FrameBootcamp.swift */; };
		5E730DA42AA33C6700C7A530 /* BackgroundAndOverlayBootcamp.swift in Sources */ = {isa = PBXBuildFile; fileRef = 5E730DA32AA33C6700C7A530 /* BackgroundAndOverlayBootcamp.swift */; };
		5E730DA62AA392CD00C7A530 /* StacksBootcamp.swift in Sources */ = {isa = PBXBuildFile; fileRef = 5E730DA52AA392CD00C7A530 /* StacksBootcamp.swift */; };
		5E730DA82AA3972300C7A530 /* PaddingAndSpacerBootcamp.swift in Sources */ = {isa = PBXBuildFile; fileRef = 5E730DA72AA3972300C7A530 /* PaddingAndSpacerBootcamp.swift */; };
		5E730DAA2AA46C5D00C7A530 /* SpacerBootcamp.swift in Sources */ = {isa = PBXBuildFile; fileRef = 5E730DA92AA46C5D00C7A530 /* SpacerBootcamp.swift */; };
		5E730DAC2AA4721F00C7A530 /* InitializerBootcamp.swift in Sources */ = {isa = PBXBuildFile; fileRef = 5E730DAB2AA4721F00C7A530 /* InitializerBootcamp.swift */; };
		5E730DAE2AA4774800C7A530 /* ForEachBootcamp.swift in Sources */ = {isa = PBXBuildFile; fileRef = 5E730DAD2AA4774800C7A530 /* ForEachBootcamp.swift */; };
		5E730DB02AA480B000C7A530 /* ScrollViewBootcamp.swift in Sources */ = {isa = PBXBuildFile; fileRef = 5E730DAF2AA480B000C7A530 /* ScrollViewBootcamp.swift */; };
		5E730DB22AA481AD00C7A530 /* GridBootcamp.swift in Sources */ = {isa = PBXBuildFile; fileRef = 5E730DB12AA481AD00C7A530 /* GridBootcamp.swift */; };
		5E730DB42AA4890100C7A530 /* SafeAreaBootcamp.swift in Sources */ = {isa = PBXBuildFile; fileRef = 5E730DB32AA4890100C7A530 /* SafeAreaBootcamp.swift */; };
		5E730DB62ACAA68D00C7A530 /* ButtonsBootcamp.swift in Sources */ = {isa = PBXBuildFile; fileRef = 5E730DB52ACAA68D00C7A530 /* ButtonsBootcamp.swift */; };
		5E730DB82ACAAFB500C7A530 /* StateBootcamp.swift in Sources */ = {isa = PBXBuildFile; fileRef = 5E730DB72ACAAFB500C7A530 /* StateBootcamp.swift */; };
		5E730DBA2ACAB58A00C7A530 /* ExtractedFunctionsBootcamp.swift in Sources */ = {isa = PBXBuildFile; fileRef = 5E730DB92ACAB58A00C7A530 /* ExtractedFunctionsBootcamp.swift */; };
		5E730DBC2ACAB9B000C7A530 /* ExtractSubviewsBootcamp.swift in Sources */ = {isa = PBXBuildFile; fileRef = 5E730DBB2ACAB9B000C7A530 /* ExtractSubviewsBootcamp.swift */; };
		5E730DBE2ACAC0CB00C7A530 /* BindingBootcamp.swift in Sources */ = {isa = PBXBuildFile; fileRef = 5E730DBD2ACAC0CB00C7A530 /* BindingBootcamp.swift */; };
		5E730DC02ACADC0600C7A530 /* ConditionalBootcamp.swift in Sources */ = {isa = PBXBuildFile; fileRef = 5E730DBF2ACADC0600C7A530 /* ConditionalBootcamp.swift */; };
		5E730DC22ACADE3B00C7A530 /* TernaryBootcamp.swift in Sources */ = {isa = PBXBuildFile; fileRef = 5E730DC12ACADE3B00C7A530 /* TernaryBootcamp.swift */; };
		5E730DC42ACAE1F500C7A530 /* AnimationBootcamp.swift in Sources */ = {isa = PBXBuildFile; fileRef = 5E730DC32ACAE1F500C7A530 /* AnimationBootcamp.swift */; };
		5E730DC62ACAEDFD00C7A530 /* AnimationTimingBootcamp.swift in Sources */ = {isa = PBXBuildFile; fileRef = 5E730DC52ACAEDFD00C7A530 /* AnimationTimingBootcamp.swift */; };
		5E730DC82ACAFA9900C7A530 /* TransitionBootcamp.swift in Sources */ = {isa = PBXBuildFile; fileRef = 5E730DC72ACAFA9900C7A530 /* TransitionBootcamp.swift */; };
		5E730DCA2ACB0F1700C7A530 /* SheetsBootcamp.swift in Sources */ = {isa = PBXBuildFile; fileRef = 5E730DC92ACB0F1700C7A530 /* SheetsBootcamp.swift */; };
		5E730DCC2ACB170C00C7A530 /* PopoverBootcamp.swift in Sources */ = {isa = PBXBuildFile; fileRef = 5E730DCB2ACB170C00C7A530 /* PopoverBootcamp.swift */; };
		5E730DCE2ACBE16C00C7A530 /* NavigationViewBootcamp.swift in Sources */ = {isa = PBXBuildFile; fileRef = 5E730DCD2ACBE16C00C7A530 /* NavigationViewBootcamp.swift */; };
		5E730DD02ACBEB8C00C7A530 /* ListBootcamp.swift in Sources */ = {isa = PBXBuildFile; fileRef = 5E730DCF2ACBEB8C00C7A530 /* ListBootcamp.swift */; };
		5E730DD22ACBF3CC00C7A530 /* AlertBootcamp.swift in Sources */ = {isa = PBXBuildFile; fileRef = 5E730DD12ACBF3CC00C7A530 /* AlertBootcamp.swift */; };
		5E730DD42ACBF84100C7A530 /* ActionsheetBootcamp.swift in Sources */ = {isa = PBXBuildFile; fileRef = 5E730DD32ACBF84100C7A530 /* ActionsheetBootcamp.swift */; };
		5E730DD62ACD419400C7A530 /* ContextMenuBootcamp.swift in Sources */ = {isa = PBXBuildFile; fileRef = 5E730DD52ACD419400C7A530 /* ContextMenuBootcamp.swift */; };
		5E730DD82ACD4B5500C7A530 /* TextfieldBootcamp.swift in Sources */ = {isa = PBXBuildFile; fileRef = 5E730DD72ACD4B5500C7A530 /* TextfieldBootcamp.swift */; };
		5E730DDA2ACD56A000C7A530 /* TextEditorBootcamp.swift in Sources */ = {isa = PBXBuildFile; fileRef = 5E730DD92ACD56A000C7A530 /* TextEditorBootcamp.swift */; };
		5E730DDC2ACD5CCF00C7A530 /* ToggleBootcamp.swift in Sources */ = {isa = PBXBuildFile; fileRef = 5E730DDB2ACD5CCF00C7A530 /* ToggleBootcamp.swift */; };
		5E730DDE2ACD717800C7A530 /* PickerBootcamp.swift in Sources */ = {isa = PBXBuildFile; fileRef = 5E730DDD2ACD717800C7A530 /* PickerBootcamp.swift */; };
		5E730DE02ACD735900C7A530 /* ColorPickerBootcamp.swift in Sources */ = {isa = PBXBuildFile; fileRef = 5E730DDF2ACD735900C7A530 /* ColorPickerBootcamp.swift */; };
		5E730DE22ACD8A8200C7A530 /* DatePickerBootcamp.swift in Sources */ = {isa = PBXBuildFile; fileRef = 5E730DE12ACD8A8200C7A530 /* DatePickerBootcamp.swift */; };
		5E730DE42ACD916F00C7A530 /* StepperBootcamp.swift in Sources */ = {isa = PBXBuildFile; fileRef = 5E730DE32ACD916F00C7A530 /* StepperBootcamp.swift */; };
		5E730DE62ACD945100C7A530 /* SliderBootcamp.swift in Sources */ = {isa = PBXBuildFile; fileRef = 5E730DE52ACD945100C7A530 /* SliderBootcamp.swift */; };
		5E730DE82ACDAACD00C7A530 /* TabViewBootcamp.swift in Sources */ = {isa = PBXBuildFile; fileRef = 5E730DE72ACDAACD00C7A530 /* TabViewBootcamp.swift */; };
		5E730DEA2ACDAED100C7A530 /* DarkModeBootcamp.swift in Sources */ = {isa = PBXBuildFile; fileRef = 5E730DE92ACDAED100C7A530 /* DarkModeBootcamp.swift */; };
		5E730DEC2ACDB43C00C7A530 /* DocumentationBootcamp.swift in Sources */ = {isa = PBXBuildFile; fileRef = 5E730DEB2ACDB43C00C7A530 /* DocumentationBootcamp.swift */; };
		5E730DEE2ACDC50E00C7A530 /* OnAppearBootcamp.swift in Sources */ = {isa = PBXBuildFile; fileRef = 5E730DED2ACDC50E00C7A530 /* OnAppearBootcamp.swift */; };
		5E730DF02ACDC9FD00C7A530 /* IfLetGuardBootcamp.swift in Sources */ = {isa = PBXBuildFile; fileRef = 5E730DEF2ACDC9FD00C7A530 /* IfLetGuardBootcamp.swift */; };
		5E730DF22ACDCD7100C7A530 /* TapGestureBootcamp.swift in Sources */ = {isa = PBXBuildFile; fileRef = 5E730DF12ACDCD7100C7A530 /* TapGestureBootcamp.swift */; };
		5E730DF42ACDD35200C7A530 /* ModelBootcamp.swift in Sources */ = {isa = PBXBuildFile; fileRef = 5E730DF32ACDD35200C7A530 /* ModelBootcamp.swift */; };
		5E730DF62ACE99E900C7A530 /* ViewModelBootcamp.swift in Sources */ = {isa = PBXBuildFile; fileRef = 5E730DF52ACE99E900C7A530 /* ViewModelBootcamp.swift */; };
		5E730DF82ACEA47E00C7A530 /* EnvironmentObjectBootcamp.swift in Sources */ = {isa = PBXBuildFile; fileRef = 5E730DF72ACEA47E00C7A530 /* EnvironmentObjectBootcamp.swift */; };
		5E730DFA2ACEA99900C7A530 /* AppStorageBootcamp.swift in Sources */ = {isa = PBXBuildFile; fileRef = 5E730DF92ACEA99900C7A530 /* AppStorageBootcamp.swift */; };
		5E730DFD2ACED85C00C7A530 /* IntroView.swift in Sources */ = {isa = PBXBuildFile; fileRef = 5E730DFC2ACED85C00C7A530 /* IntroView.swift */; };
		5E730DFF2ACED88900C7A530 /* OnboardingView.swift in Sources */ = {isa = PBXBuildFile; fileRef = 5E730DFE2ACED88900C7A530 /* OnboardingView.swift */; };
		5E730E012ACED8B200C7A530 /* ProfileView.swift in Sources */ = {isa = PBXBuildFile; fileRef = 5E730E002ACED8B200C7A530 /* ProfileView.swift */; };
		5E730E032ACFE2CF00C7A530 /* AsyncImageBoocamp.swift in Sources */ = {isa = PBXBuildFile; fileRef = 5E730E022ACFE2CF00C7A530 /* AsyncImageBoocamp.swift */; };
		5E730E052ACFE4D500C7A530 /* BackgroundMaterialsBootcamp.swift in Sources */ = {isa = PBXBuildFile; fileRef = 5E730E042ACFE4D500C7A530 /* BackgroundMaterialsBootcamp.swift */; };
		5E730E072ACFE5D900C7A530 /* TextSelectionBootcamp.swift in Sources */ = {isa = PBXBuildFile; fileRef = 5E730E062ACFE5D900C7A530 /* TextSelectionBootcamp.swift */; };
		5E730E092ACFE8B500C7A530 /* ButtonStylesBootcamp.swift in Sources */ = {isa = PBXBuildFile; fileRef = 5E730E082ACFE8B500C7A530 /* ButtonStylesBootcamp.swift */; };
		5E730E0B2ACFEB1C00C7A530 /* ListSwipeActionsBootcamp.swift in Sources */ = {isa = PBXBuildFile; fileRef = 5E730E0A2ACFEB1C00C7A530 /* ListSwipeActionsBootcamp.swift */; };
		5E730E0D2ACFECA000C7A530 /* BadgesBootcamp.swift in Sources */ = {isa = PBXBuildFile; fileRef = 5E730E0C2ACFECA000C7A530 /* BadgesBootcamp.swift */; };
		5E730E0F2AD0088F00C7A530 /* FocusStateBootcamp.swift in Sources */ = {isa = PBXBuildFile; fileRef = 5E730E0E2AD0088F00C7A530 /* FocusStateBootcamp.swift */; };
		5E730E112AD01D9500C7A530 /* SubmitTextFieldBootcamp.swift in Sources */ = {isa = PBXBuildFile; fileRef = 5E730E102AD01D9500C7A530 /* SubmitTextFieldBootcamp.swift */; };
		5E730E132AD02B3900C7A530 /* NavigationStackBootcamp.swift in Sources */ = {isa = PBXBuildFile; fileRef = 5E730E122AD02B3900C7A530 /* NavigationStackBootcamp.swift */; };
		5E730E152AD0303900C7A530 /* ToolbarBootcamp.swift in Sources */ = {isa = PBXBuildFile; fileRef = 5E730E142AD0303900C7A530 /* ToolbarBootcamp.swift */; };
		5E730E172AD0344A00C7A530 /* ResizableSheetBootcamp.swift in Sources */ = {isa = PBXBuildFile; fileRef = 5E730E162AD0344A00C7A530 /* ResizableSheetBootcamp.swift */; };
		5E730E192AD0365200C7A530 /* SafeAreaInsetBootcamp.swift in Sources */ = {isa = PBXBuildFile; fileRef = 5E730E182AD0365200C7A530 /* SafeAreaInsetBootcamp.swift */; };
		5E730E1B2AD03ABD00C7A530 /* GroupBootcamp.swift in Sources */ = {isa = PBXBuildFile; fileRef = 5E730E1A2AD03ABD00C7A530 /* GroupBootcamp.swift */; };
		5E730E1D2AD03DDD00C7A530 /* AnimationUpdatedBootcamp.swift in Sources */ = {isa = PBXBuildFile; fileRef = 5E730E1C2AD03DDD00C7A530 /* AnimationUpdatedBootcamp.swift */; };
/* End PBXBuildFile section */

/* Begin PBXFileReference section */
		5E730D842A8A672B00C7A530 /* SwiftfulThinkingBootcamp.app */ = {isa = PBXFileReference; explicitFileType = wrapper.application; includeInIndex = 0; path = SwiftfulThinkingBootcamp.app; sourceTree = BUILT_PRODUCTS_DIR; };
		5E730D872A8A672B00C7A530 /* SwiftfulThinkingBootcampApp.swift */ = {isa = PBXFileReference; lastKnownFileType = sourcecode.swift; path = SwiftfulThinkingBootcampApp.swift; sourceTree = "<group>"; };
		5E730D892A8A672B00C7A530 /* ContentView.swift */ = {isa = PBXFileReference; lastKnownFileType = sourcecode.swift; path = ContentView.swift; sourceTree = "<group>"; };
		5E730D8B2A8A672D00C7A530 /* Assets.xcassets */ = {isa = PBXFileReference; lastKnownFileType = folder.assetcatalog; path = Assets.xcassets; sourceTree = "<group>"; };
		5E730D8E2A8A672D00C7A530 /* Preview Assets.xcassets */ = {isa = PBXFileReference; lastKnownFileType = folder.assetcatalog; path = "Preview Assets.xcassets"; sourceTree = "<group>"; };
		5E730D952A8D05D100C7A530 /* TextBootcamp.swift */ = {isa = PBXFileReference; lastKnownFileType = sourcecode.swift; path = TextBootcamp.swift; sourceTree = "<group>"; };
		5E730D972A8D0D9E00C7A530 /* ShapesBootcamp.swift */ = {isa = PBXFileReference; lastKnownFileType = sourcecode.swift; path = ShapesBootcamp.swift; sourceTree = "<group>"; };
		5E730D992A90B95600C7A530 /* ColorsBootcamp.swift */ = {isa = PBXFileReference; lastKnownFileType = sourcecode.swift; path = ColorsBootcamp.swift; sourceTree = "<group>"; };
		5E730D9B2A90C15000C7A530 /* GradientsBootcamp.swift */ = {isa = PBXFileReference; lastKnownFileType = sourcecode.swift; path = GradientsBootcamp.swift; sourceTree = "<group>"; };
		5E730D9D2AA3255C00C7A530 /* IconsBootcamp.swift */ = {isa = PBXFileReference; lastKnownFileType = sourcecode.swift; path = IconsBootcamp.swift; sourceTree = "<group>"; };
		5E730D9F2AA3300B00C7A530 /* ImageBootcamp.swift */ = {isa = PBXFileReference; lastKnownFileType = sourcecode.swift; path = ImageBootcamp.swift; sourceTree = "<group>"; };
		5E730DA12AA3373300C7A530 /* FrameBootcamp.swift */ = {isa = PBXFileReference; lastKnownFileType = sourcecode.swift; path = FrameBootcamp.swift; sourceTree = "<group>"; };
		5E730DA32AA33C6700C7A530 /* BackgroundAndOverlayBootcamp.swift */ = {isa = PBXFileReference; lastKnownFileType = sourcecode.swift; path = BackgroundAndOverlayBootcamp.swift; sourceTree = "<group>"; };
		5E730DA52AA392CD00C7A530 /* StacksBootcamp.swift */ = {isa = PBXFileReference; lastKnownFileType = sourcecode.swift; path = StacksBootcamp.swift; sourceTree = "<group>"; };
		5E730DA72AA3972300C7A530 /* PaddingAndSpacerBootcamp.swift */ = {isa = PBXFileReference; lastKnownFileType = sourcecode.swift; path = PaddingAndSpacerBootcamp.swift; sourceTree = "<group>"; };
		5E730DA92AA46C5D00C7A530 /* SpacerBootcamp.swift */ = {isa = PBXFileReference; lastKnownFileType = sourcecode.swift; path = SpacerBootcamp.swift; sourceTree = "<group>"; };
		5E730DAB2AA4721F00C7A530 /* InitializerBootcamp.swift */ = {isa = PBXFileReference; lastKnownFileType = sourcecode.swift; path = InitializerBootcamp.swift; sourceTree = "<group>"; };
		5E730DAD2AA4774800C7A530 /* ForEachBootcamp.swift */ = {isa = PBXFileReference; lastKnownFileType = sourcecode.swift; path = ForEachBootcamp.swift; sourceTree = "<group>"; };
		5E730DAF2AA480B000C7A530 /* ScrollViewBootcamp.swift */ = {isa = PBXFileReference; lastKnownFileType = sourcecode.swift; path = ScrollViewBootcamp.swift; sourceTree = "<group>"; };
		5E730DB12AA481AD00C7A530 /* GridBootcamp.swift */ = {isa = PBXFileReference; lastKnownFileType = sourcecode.swift; path = GridBootcamp.swift; sourceTree = "<group>"; };
		5E730DB32AA4890100C7A530 /* SafeAreaBootcamp.swift */ = {isa = PBXFileReference; lastKnownFileType = sourcecode.swift; path = SafeAreaBootcamp.swift; sourceTree = "<group>"; };
		5E730DB52ACAA68D00C7A530 /* ButtonsBootcamp.swift */ = {isa = PBXFileReference; lastKnownFileType = sourcecode.swift; path = ButtonsBootcamp.swift; sourceTree = "<group>"; };
		5E730DB72ACAAFB500C7A530 /* StateBootcamp.swift */ = {isa = PBXFileReference; lastKnownFileType = sourcecode.swift; path = StateBootcamp.swift; sourceTree = "<group>"; };
		5E730DB92ACAB58A00C7A530 /* ExtractedFunctionsBootcamp.swift */ = {isa = PBXFileReference; lastKnownFileType = sourcecode.swift; path = ExtractedFunctionsBootcamp.swift; sourceTree = "<group>"; };
		5E730DBB2ACAB9B000C7A530 /* ExtractSubviewsBootcamp.swift */ = {isa = PBXFileReference; lastKnownFileType = sourcecode.swift; path = ExtractSubviewsBootcamp.swift; sourceTree = "<group>"; };
		5E730DBD2ACAC0CB00C7A530 /* BindingBootcamp.swift */ = {isa = PBXFileReference; lastKnownFileType = sourcecode.swift; path = BindingBootcamp.swift; sourceTree = "<group>"; };
		5E730DBF2ACADC0600C7A530 /* ConditionalBootcamp.swift */ = {isa = PBXFileReference; lastKnownFileType = sourcecode.swift; path = ConditionalBootcamp.swift; sourceTree = "<group>"; };
		5E730DC12ACADE3B00C7A530 /* TernaryBootcamp.swift */ = {isa = PBXFileReference; lastKnownFileType = sourcecode.swift; path = TernaryBootcamp.swift; sourceTree = "<group>"; };
		5E730DC32ACAE1F500C7A530 /* AnimationBootcamp.swift */ = {isa = PBXFileReference; lastKnownFileType = sourcecode.swift; path = AnimationBootcamp.swift; sourceTree = "<group>"; };
		5E730DC52ACAEDFD00C7A530 /* AnimationTimingBootcamp.swift */ = {isa = PBXFileReference; lastKnownFileType = sourcecode.swift; path = AnimationTimingBootcamp.swift; sourceTree = "<group>"; };
		5E730DC72ACAFA9900C7A530 /* TransitionBootcamp.swift */ = {isa = PBXFileReference; lastKnownFileType = sourcecode.swift; path = TransitionBootcamp.swift; sourceTree = "<group>"; };
		5E730DC92ACB0F1700C7A530 /* SheetsBootcamp.swift */ = {isa = PBXFileReference; lastKnownFileType = sourcecode.swift; path = SheetsBootcamp.swift; sourceTree = "<group>"; };
		5E730DCB2ACB170C00C7A530 /* PopoverBootcamp.swift */ = {isa = PBXFileReference; lastKnownFileType = sourcecode.swift; path = PopoverBootcamp.swift; sourceTree = "<group>"; };
		5E730DCD2ACBE16C00C7A530 /* NavigationViewBootcamp.swift */ = {isa = PBXFileReference; lastKnownFileType = sourcecode.swift; path = NavigationViewBootcamp.swift; sourceTree = "<group>"; };
		5E730DCF2ACBEB8C00C7A530 /* ListBootcamp.swift */ = {isa = PBXFileReference; lastKnownFileType = sourcecode.swift; path = ListBootcamp.swift; sourceTree = "<group>"; };
		5E730DD12ACBF3CC00C7A530 /* AlertBootcamp.swift */ = {isa = PBXFileReference; lastKnownFileType = sourcecode.swift; path = AlertBootcamp.swift; sourceTree = "<group>"; };
		5E730DD32ACBF84100C7A530 /* ActionsheetBootcamp.swift */ = {isa = PBXFileReference; lastKnownFileType = sourcecode.swift; path = ActionsheetBootcamp.swift; sourceTree = "<group>"; };
		5E730DD52ACD419400C7A530 /* ContextMenuBootcamp.swift */ = {isa = PBXFileReference; lastKnownFileType = sourcecode.swift; path = ContextMenuBootcamp.swift; sourceTree = "<group>"; };
		5E730DD72ACD4B5500C7A530 /* TextfieldBootcamp.swift */ = {isa = PBXFileReference; lastKnownFileType = sourcecode.swift; path = TextfieldBootcamp.swift; sourceTree = "<group>"; };
		5E730DD92ACD56A000C7A530 /* TextEditorBootcamp.swift */ = {isa = PBXFileReference; lastKnownFileType = sourcecode.swift; path = TextEditorBootcamp.swift; sourceTree = "<group>"; };
		5E730DDB2ACD5CCF00C7A530 /* ToggleBootcamp.swift */ = {isa = PBXFileReference; lastKnownFileType = sourcecode.swift; path = ToggleBootcamp.swift; sourceTree = "<group>"; };
		5E730DDD2ACD717800C7A530 /* PickerBootcamp.swift */ = {isa = PBXFileReference; lastKnownFileType = sourcecode.swift; path = PickerBootcamp.swift; sourceTree = "<group>"; };
		5E730DDF2ACD735900C7A530 /* ColorPickerBootcamp.swift */ = {isa = PBXFileReference; lastKnownFileType = sourcecode.swift; path = ColorPickerBootcamp.swift; sourceTree = "<group>"; };
		5E730DE12ACD8A8200C7A530 /* DatePickerBootcamp.swift */ = {isa = PBXFileReference; lastKnownFileType = sourcecode.swift; path = DatePickerBootcamp.swift; sourceTree = "<group>"; };
		5E730DE32ACD916F00C7A530 /* StepperBootcamp.swift */ = {isa = PBXFileReference; lastKnownFileType = sourcecode.swift; path = StepperBootcamp.swift; sourceTree = "<group>"; };
		5E730DE52ACD945100C7A530 /* SliderBootcamp.swift */ = {isa = PBXFileReference; lastKnownFileType = sourcecode.swift; path = SliderBootcamp.swift; sourceTree = "<group>"; };
		5E730DE72ACDAACD00C7A530 /* TabViewBootcamp.swift */ = {isa = PBXFileReference; lastKnownFileType = sourcecode.swift; path = TabViewBootcamp.swift; sourceTree = "<group>"; };
		5E730DE92ACDAED100C7A530 /* DarkModeBootcamp.swift */ = {isa = PBXFileReference; lastKnownFileType = sourcecode.swift; path = DarkModeBootcamp.swift; sourceTree = "<group>"; };
		5E730DEB2ACDB43C00C7A530 /* DocumentationBootcamp.swift */ = {isa = PBXFileReference; lastKnownFileType = sourcecode.swift; path = DocumentationBootcamp.swift; sourceTree = "<group>"; };
		5E730DED2ACDC50E00C7A530 /* OnAppearBootcamp.swift */ = {isa = PBXFileReference; lastKnownFileType = sourcecode.swift; path = OnAppearBootcamp.swift; sourceTree = "<group>"; };
		5E730DEF2ACDC9FD00C7A530 /* IfLetGuardBootcamp.swift */ = {isa = PBXFileReference; lastKnownFileType = sourcecode.swift; path = IfLetGuardBootcamp.swift; sourceTree = "<group>"; };
		5E730DF12ACDCD7100C7A530 /* TapGestureBootcamp.swift */ = {isa = PBXFileReference; lastKnownFileType = sourcecode.swift; path = TapGestureBootcamp.swift; sourceTree = "<group>"; };
		5E730DF32ACDD35200C7A530 /* ModelBootcamp.swift */ = {isa = PBXFileReference; lastKnownFileType = sourcecode.swift; path = ModelBootcamp.swift; sourceTree = "<group>"; };
		5E730DF52ACE99E900C7A530 /* ViewModelBootcamp.swift */ = {isa = PBXFileReference; lastKnownFileType = sourcecode.swift; path = ViewModelBootcamp.swift; sourceTree = "<group>"; };
		5E730DF72ACEA47E00C7A530 /* EnvironmentObjectBootcamp.swift */ = {isa = PBXFileReference; lastKnownFileType = sourcecode.swift; path = EnvironmentObjectBootcamp.swift; sourceTree = "<group>"; };
		5E730DF92ACEA99900C7A530 /* AppStorageBootcamp.swift */ = {isa = PBXFileReference; lastKnownFileType = sourcecode.swift; path = AppStorageBootcamp.swift; sourceTree = "<group>"; };
		5E730DFC2ACED85C00C7A530 /* IntroView.swift */ = {isa = PBXFileReference; lastKnownFileType = sourcecode.swift; path = IntroView.swift; sourceTree = "<group>"; };
		5E730DFE2ACED88900C7A530 /* OnboardingView.swift */ = {isa = PBXFileReference; lastKnownFileType = sourcecode.swift; path = OnboardingView.swift; sourceTree = "<group>"; };
		5E730E002ACED8B200C7A530 /* ProfileView.swift */ = {isa = PBXFileReference; lastKnownFileType = sourcecode.swift; path = ProfileView.swift; sourceTree = "<group>"; };
		5E730E022ACFE2CF00C7A530 /* AsyncImageBoocamp.swift */ = {isa = PBXFileReference; lastKnownFileType = sourcecode.swift; path = AsyncImageBoocamp.swift; sourceTree = "<group>"; };
		5E730E042ACFE4D500C7A530 /* BackgroundMaterialsBootcamp.swift */ = {isa = PBXFileReference; lastKnownFileType = sourcecode.swift; path = BackgroundMaterialsBootcamp.swift; sourceTree = "<group>"; };
		5E730E062ACFE5D900C7A530 /* TextSelectionBootcamp.swift */ = {isa = PBXFileReference; lastKnownFileType = sourcecode.swift; path = TextSelectionBootcamp.swift; sourceTree = "<group>"; };
		5E730E082ACFE8B500C7A530 /* ButtonStylesBootcamp.swift */ = {isa = PBXFileReference; lastKnownFileType = sourcecode.swift; path = ButtonStylesBootcamp.swift; sourceTree = "<group>"; };
		5E730E0A2ACFEB1C00C7A530 /* ListSwipeActionsBootcamp.swift */ = {isa = PBXFileReference; lastKnownFileType = sourcecode.swift; path = ListSwipeActionsBootcamp.swift; sourceTree = "<group>"; };
		5E730E0C2ACFECA000C7A530 /* BadgesBootcamp.swift */ = {isa = PBXFileReference; lastKnownFileType = sourcecode.swift; path = BadgesBootcamp.swift; sourceTree = "<group>"; };
		5E730E0E2AD0088F00C7A530 /* FocusStateBootcamp.swift */ = {isa = PBXFileReference; lastKnownFileType = sourcecode.swift; path = FocusStateBootcamp.swift; sourceTree = "<group>"; };
		5E730E102AD01D9500C7A530 /* SubmitTextFieldBootcamp.swift */ = {isa = PBXFileReference; lastKnownFileType = sourcecode.swift; path = SubmitTextFieldBootcamp.swift; sourceTree = "<group>"; };
		5E730E122AD02B3900C7A530 /* NavigationStackBootcamp.swift */ = {isa = PBXFileReference; lastKnownFileType = sourcecode.swift; path = NavigationStackBootcamp.swift; sourceTree = "<group>"; };
		5E730E142AD0303900C7A530 /* ToolbarBootcamp.swift */ = {isa = PBXFileReference; lastKnownFileType = sourcecode.swift; path = ToolbarBootcamp.swift; sourceTree = "<group>"; };
		5E730E162AD0344A00C7A530 /* ResizableSheetBootcamp.swift */ = {isa = PBXFileReference; lastKnownFileType = sourcecode.swift; path = ResizableSheetBootcamp.swift; sourceTree = "<group>"; };
		5E730E182AD0365200C7A530 /* SafeAreaInsetBootcamp.swift */ = {isa = PBXFileReference; lastKnownFileType = sourcecode.swift; path = SafeAreaInsetBootcamp.swift; sourceTree = "<group>"; };
		5E730E1A2AD03ABD00C7A530 /* GroupBootcamp.swift */ = {isa = PBXFileReference; lastKnownFileType = sourcecode.swift; path = GroupBootcamp.swift; sourceTree = "<group>"; };
		5E730E1C2AD03DDD00C7A530 /* AnimationUpdatedBootcamp.swift */ = {isa = PBXFileReference; lastKnownFileType = sourcecode.swift; path = AnimationUpdatedBootcamp.swift; sourceTree = "<group>"; };
/* End PBXFileReference section */

/* Begin PBXFrameworksBuildPhase section */
		5E730D812A8A672B00C7A530 /* Frameworks */ = {
			isa = PBXFrameworksBuildPhase;
			buildActionMask = 2147483647;
			files = (
			);
			runOnlyForDeploymentPostprocessing = 0;
		};
/* End PBXFrameworksBuildPhase section */

/* Begin PBXGroup section */
		5E730D7B2A8A672B00C7A530 = {
			isa = PBXGroup;
			children = (
				5E730D862A8A672B00C7A530 /* SwiftfulThinkingBootcamp */,
				5E730D852A8A672B00C7A530 /* Products */,
			);
			sourceTree = "<group>";
		};
		5E730D852A8A672B00C7A530 /* Products */ = {
			isa = PBXGroup;
			children = (
				5E730D842A8A672B00C7A530 /* SwiftfulThinkingBootcamp.app */,
			);
			name = Products;
			sourceTree = "<group>";
		};
		5E730D862A8A672B00C7A530 /* SwiftfulThinkingBootcamp */ = {
			isa = PBXGroup;
			children = (
				5E730D872A8A672B00C7A530 /* SwiftfulThinkingBootcampApp.swift */,
				5E730D892A8A672B00C7A530 /* ContentView.swift */,
				5E730D952A8D05D100C7A530 /* TextBootcamp.swift */,
				5E730D972A8D0D9E00C7A530 /* ShapesBootcamp.swift */,
				5E730D992A90B95600C7A530 /* ColorsBootcamp.swift */,
				5E730D9B2A90C15000C7A530 /* GradientsBootcamp.swift */,
				5E730D9D2AA3255C00C7A530 /* IconsBootcamp.swift */,
				5E730D9F2AA3300B00C7A530 /* ImageBootcamp.swift */,
				5E730DA12AA3373300C7A530 /* FrameBootcamp.swift */,
				5E730DA32AA33C6700C7A530 /* BackgroundAndOverlayBootcamp.swift */,
				5E730DA52AA392CD00C7A530 /* StacksBootcamp.swift */,
				5E730DA72AA3972300C7A530 /* PaddingAndSpacerBootcamp.swift */,
				5E730DA92AA46C5D00C7A530 /* SpacerBootcamp.swift */,
				5E730DAB2AA4721F00C7A530 /* InitializerBootcamp.swift */,
				5E730DAD2AA4774800C7A530 /* ForEachBootcamp.swift */,
				5E730DAF2AA480B000C7A530 /* ScrollViewBootcamp.swift */,
				5E730DB12AA481AD00C7A530 /* GridBootcamp.swift */,
				5E730DB32AA4890100C7A530 /* SafeAreaBootcamp.swift */,
				5E730DB52ACAA68D00C7A530 /* ButtonsBootcamp.swift */,
				5E730DB72ACAAFB500C7A530 /* StateBootcamp.swift */,
				5E730DB92ACAB58A00C7A530 /* ExtractedFunctionsBootcamp.swift */,
				5E730DBB2ACAB9B000C7A530 /* ExtractSubviewsBootcamp.swift */,
				5E730DBD2ACAC0CB00C7A530 /* BindingBootcamp.swift */,
				5E730DBF2ACADC0600C7A530 /* ConditionalBootcamp.swift */,
				5E730DC12ACADE3B00C7A530 /* TernaryBootcamp.swift */,
				5E730DC32ACAE1F500C7A530 /* AnimationBootcamp.swift */,
				5E730DC52ACAEDFD00C7A530 /* AnimationTimingBootcamp.swift */,
				5E730DC72ACAFA9900C7A530 /* TransitionBootcamp.swift */,
				5E730DC92ACB0F1700C7A530 /* SheetsBootcamp.swift */,
				5E730DCB2ACB170C00C7A530 /* PopoverBootcamp.swift */,
				5E730DCD2ACBE16C00C7A530 /* NavigationViewBootcamp.swift */,
				5E730DCF2ACBEB8C00C7A530 /* ListBootcamp.swift */,
				5E730DD12ACBF3CC00C7A530 /* AlertBootcamp.swift */,
				5E730DD32ACBF84100C7A530 /* ActionsheetBootcamp.swift */,
				5E730DD52ACD419400C7A530 /* ContextMenuBootcamp.swift */,
				5E730DD72ACD4B5500C7A530 /* TextfieldBootcamp.swift */,
				5E730DD92ACD56A000C7A530 /* TextEditorBootcamp.swift */,
				5E730DDB2ACD5CCF00C7A530 /* ToggleBootcamp.swift */,
				5E730DDD2ACD717800C7A530 /* PickerBootcamp.swift */,
				5E730DDF2ACD735900C7A530 /* ColorPickerBootcamp.swift */,
				5E730DE12ACD8A8200C7A530 /* DatePickerBootcamp.swift */,
				5E730DE32ACD916F00C7A530 /* StepperBootcamp.swift */,
				5E730DE52ACD945100C7A530 /* SliderBootcamp.swift */,
				5E730DE72ACDAACD00C7A530 /* TabViewBootcamp.swift */,
				5E730DE92ACDAED100C7A530 /* DarkModeBootcamp.swift */,
				5E730DEB2ACDB43C00C7A530 /* DocumentationBootcamp.swift */,
				5E730DED2ACDC50E00C7A530 /* OnAppearBootcamp.swift */,
				5E730DEF2ACDC9FD00C7A530 /* IfLetGuardBootcamp.swift */,
				5E730DF12ACDCD7100C7A530 /* TapGestureBootcamp.swift */,
				5E730DF32ACDD35200C7A530 /* ModelBootcamp.swift */,
				5E730DF52ACE99E900C7A530 /* ViewModelBootcamp.swift */,
				5E730DF72ACEA47E00C7A530 /* EnvironmentObjectBootcamp.swift */,
				5E730DF92ACEA99900C7A530 /* AppStorageBootcamp.swift */,
				5E730DFB2ACED84500C7A530 /* OnboardingViews */,
				5E730E022ACFE2CF00C7A530 /* AsyncImageBoocamp.swift */,
				5E730E042ACFE4D500C7A530 /* BackgroundMaterialsBootcamp.swift */,
				5E730E062ACFE5D900C7A530 /* TextSelectionBootcamp.swift */,
				5E730E082ACFE8B500C7A530 /* ButtonStylesBootcamp.swift */,
				5E730E0A2ACFEB1C00C7A530 /* ListSwipeActionsBootcamp.swift */,
				5E730E0C2ACFECA000C7A530 /* BadgesBootcamp.swift */,
				5E730E0E2AD0088F00C7A530 /* FocusStateBootcamp.swift */,
				5E730E102AD01D9500C7A530 /* SubmitTextFieldBootcamp.swift */,
				5E730E122AD02B3900C7A530 /* NavigationStackBootcamp.swift */,
				5E730E142AD0303900C7A530 /* ToolbarBootcamp.swift */,
				5E730E162AD0344A00C7A530 /* ResizableSheetBootcamp.swift */,
				5E730E182AD0365200C7A530 /* SafeAreaInsetBootcamp.swift */,
				5E730E1A2AD03ABD00C7A530 /* GroupBootcamp.swift */,
				5E730E1C2AD03DDD00C7A530 /* AnimationUpdatedBootcamp.swift */,
				5E730D8B2A8A672D00C7A530 /* Assets.xcassets */,
				5E730D8D2A8A672D00C7A530 /* Preview Content */,
			);
			path = SwiftfulThinkingBootcamp;
			sourceTree = "<group>";
		};
		5E730D8D2A8A672D00C7A530 /* Preview Content */ = {
			isa = PBXGroup;
			children = (
				5E730D8E2A8A672D00C7A530 /* Preview Assets.xcassets */,
			);
			path = "Preview Content";
			sourceTree = "<group>";
		};
		5E730DFB2ACED84500C7A530 /* OnboardingViews */ = {
			isa = PBXGroup;
			children = (
				5E730DFC2ACED85C00C7A530 /* IntroView.swift */,
				5E730DFE2ACED88900C7A530 /* OnboardingView.swift */,
				5E730E002ACED8B200C7A530 /* ProfileView.swift */,
			);
			path = OnboardingViews;
			sourceTree = "<group>";
		};
/* End PBXGroup section */

/* Begin PBXNativeTarget section */
		5E730D832A8A672B00C7A530 /* SwiftfulThinkingBootcamp */ = {
			isa = PBXNativeTarget;
			buildConfigurationList = 5E730D922A8A672D00C7A530 /* Build configuration list for PBXNativeTarget "SwiftfulThinkingBootcamp" */;
			buildPhases = (
				5E730D802A8A672B00C7A530 /* Sources */,
				5E730D812A8A672B00C7A530 /* Frameworks */,
				5E730D822A8A672B00C7A530 /* Resources */,
			);
			buildRules = (
			);
			dependencies = (
			);
			name = SwiftfulThinkingBootcamp;
			productName = SwiftfulThinkingBootcamp;
			productReference = 5E730D842A8A672B00C7A530 /* SwiftfulThinkingBootcamp.app */;
			productType = "com.apple.product-type.application";
		};
/* End PBXNativeTarget section */

/* Begin PBXProject section */
		5E730D7C2A8A672B00C7A530 /* Project object */ = {
			isa = PBXProject;
			attributes = {
				BuildIndependentTargetsInParallel = 1;
				LastSwiftUpdateCheck = 1420;
				LastUpgradeCheck = 1420;
				TargetAttributes = {
					5E730D832A8A672B00C7A530 = {
						CreatedOnToolsVersion = 14.2;
					};
				};
			};
			buildConfigurationList = 5E730D7F2A8A672B00C7A530 /* Build configuration list for PBXProject "SwiftfulThinkingBootcamp" */;
			compatibilityVersion = "Xcode 14.0";
			developmentRegion = en;
			hasScannedForEncodings = 0;
			knownRegions = (
				en,
				Base,
			);
			mainGroup = 5E730D7B2A8A672B00C7A530;
			productRefGroup = 5E730D852A8A672B00C7A530 /* Products */;
			projectDirPath = "";
			projectRoot = "";
			targets = (
				5E730D832A8A672B00C7A530 /* SwiftfulThinkingBootcamp */,
			);
		};
/* End PBXProject section */

/* Begin PBXResourcesBuildPhase section */
		5E730D822A8A672B00C7A530 /* Resources */ = {
			isa = PBXResourcesBuildPhase;
			buildActionMask = 2147483647;
			files = (
				5E730D8F2A8A672D00C7A530 /* Preview Assets.xcassets in Resources */,
				5E730D8C2A8A672D00C7A530 /* Assets.xcassets in Resources */,
			);
			runOnlyForDeploymentPostprocessing = 0;
		};
/* End PBXResourcesBuildPhase section */

/* Begin PBXSourcesBuildPhase section */
		5E730D802A8A672B00C7A530 /* Sources */ = {
			isa = PBXSourcesBuildPhase;
			buildActionMask = 2147483647;
			files = (
				5E730DD42ACBF84100C7A530 /* ActionsheetBootcamp.swift in Sources */,
				5E730DCA2ACB0F1700C7A530 /* SheetsBootcamp.swift in Sources */,
				5E730DB82ACAAFB500C7A530 /* StateBootcamp.swift in Sources */,
				5E730DE82ACDAACD00C7A530 /* TabViewBootcamp.swift in Sources */,
				5E730D9C2A90C15000C7A530 /* GradientsBootcamp.swift in Sources */,
				5E730DF22ACDCD7100C7A530 /* TapGestureBootcamp.swift in Sources */,
				5E730DF42ACDD35200C7A530 /* ModelBootcamp.swift in Sources */,
				5E730DDA2ACD56A000C7A530 /* TextEditorBootcamp.swift in Sources */,
				5E730DA42AA33C6700C7A530 /* BackgroundAndOverlayBootcamp.swift in Sources */,
				5E730DB02AA480B000C7A530 /* ScrollViewBootcamp.swift in Sources */,
				5E730DE22ACD8A8200C7A530 /* DatePickerBootcamp.swift in Sources */,
				5E730DA82AA3972300C7A530 /* PaddingAndSpacerBootcamp.swift in Sources */,
				5E730DD62ACD419400C7A530 /* ContextMenuBootcamp.swift in Sources */,
				5E730D9A2A90B95600C7A530 /* ColorsBootcamp.swift in Sources */,
				5E730DBC2ACAB9B000C7A530 /* ExtractSubviewsBootcamp.swift in Sources */,
				5E730DA22AA3373300C7A530 /* FrameBootcamp.swift in Sources */,
				5E730DBA2ACAB58A00C7A530 /* ExtractedFunctionsBootcamp.swift in Sources */,
				5E730DF02ACDC9FD00C7A530 /* IfLetGuardBootcamp.swift in Sources */,
				5E730E192AD0365200C7A530 /* SafeAreaInsetBootcamp.swift in Sources */,
				5E730DAC2AA4721F00C7A530 /* InitializerBootcamp.swift in Sources */,
				5E730DC22ACADE3B00C7A530 /* TernaryBootcamp.swift in Sources */,
				5E730E072ACFE5D900C7A530 /* TextSelectionBootcamp.swift in Sources */,
				5E730DD22ACBF3CC00C7A530 /* AlertBootcamp.swift in Sources */,
				5E730E1D2AD03DDD00C7A530 /* AnimationUpdatedBootcamp.swift in Sources */,
				5E730E132AD02B3900C7A530 /* NavigationStackBootcamp.swift in Sources */,
				5E730D982A8D0D9E00C7A530 /* ShapesBootcamp.swift in Sources */,
				5E730DB62ACAA68D00C7A530 /* ButtonsBootcamp.swift in Sources */,
				5E730DFD2ACED85C00C7A530 /* IntroView.swift in Sources */,
				5E730DC62ACAEDFD00C7A530 /* AnimationTimingBootcamp.swift in Sources */,
				5E730DDE2ACD717800C7A530 /* PickerBootcamp.swift in Sources */,
				5E730E152AD0303900C7A530 /* ToolbarBootcamp.swift in Sources */,
				5E730E172AD0344A00C7A530 /* ResizableSheetBootcamp.swift in Sources */,
				5E730DB42AA4890100C7A530 /* SafeAreaBootcamp.swift in Sources */,
				5E730D8A2A8A672B00C7A530 /* ContentView.swift in Sources */,
				5E730DAE2AA4774800C7A530 /* ForEachBootcamp.swift in Sources */,
				5E730E092ACFE8B500C7A530 /* ButtonStylesBootcamp.swift in Sources */,
				5E730D962A8D05D100C7A530 /* TextBootcamp.swift in Sources */,
				5E730D882A8A672B00C7A530 /* SwiftfulThinkingBootcampApp.swift in Sources */,
				5E730DDC2ACD5CCF00C7A530 /* ToggleBootcamp.swift in Sources */,
				5E730E032ACFE2CF00C7A530 /* AsyncImageBoocamp.swift in Sources */,
				5E730DF62ACE99E900C7A530 /* ViewModelBootcamp.swift in Sources */,
				5E730E1B2AD03ABD00C7A530 /* GroupBootcamp.swift in Sources */,
				5E730DC82ACAFA9900C7A530 /* TransitionBootcamp.swift in Sources */,
				5E730DFA2ACEA99900C7A530 /* AppStorageBootcamp.swift in Sources */,
				5E730DEE2ACDC50E00C7A530 /* OnAppearBootcamp.swift in Sources */,
				5E730DEC2ACDB43C00C7A530 /* DocumentationBootcamp.swift in Sources */,
				5E730DA62AA392CD00C7A530 /* StacksBootcamp.swift in Sources */,
				5E730DCC2ACB170C00C7A530 /* PopoverBootcamp.swift in Sources */,
				5E730E112AD01D9500C7A530 /* SubmitTextFieldBootcamp.swift in Sources */,
				5E730DEA2ACDAED100C7A530 /* DarkModeBootcamp.swift in Sources */,
				5E730E012ACED8B200C7A530 /* ProfileView.swift in Sources */,
				5E730DE42ACD916F00C7A530 /* StepperBootcamp.swift in Sources */,
				5E730DBE2ACAC0CB00C7A530 /* BindingBootcamp.swift in Sources */,
				5E730DE02ACD735900C7A530 /* ColorPickerBootcamp.swift in Sources */,
				5E730DFF2ACED88900C7A530 /* OnboardingView.swift in Sources */,
				5E730E0F2AD0088F00C7A530 /* FocusStateBootcamp.swift in Sources */,
				5E730E0D2ACFECA000C7A530 /* BadgesBootcamp.swift in Sources */,
				5E730DAA2AA46C5D00C7A530 /* SpacerBootcamp.swift in Sources */,
				5E730E052ACFE4D500C7A530 /* BackgroundMaterialsBootcamp.swift in Sources */,
				5E730DD82ACD4B5500C7A530 /* TextfieldBootcamp.swift in Sources */,
				5E730DE62ACD945100C7A530 /* SliderBootcamp.swift in Sources */,
				5E730DC42ACAE1F500C7A530 /* AnimationBootcamp.swift in Sources */,
				5E730DB22AA481AD00C7A530 /* GridBootcamp.swift in Sources */,
				5E730DCE2ACBE16C00C7A530 /* NavigationViewBootcamp.swift in Sources */,
				5E730DF82ACEA47E00C7A530 /* EnvironmentObjectBootcamp.swift in Sources */,
				5E730DC02ACADC0600C7A530 /* ConditionalBootcamp.swift in Sources */,
				5E730DA02AA3300B00C7A530 /* ImageBootcamp.swift in Sources */,
				5E730DD02ACBEB8C00C7A530 /* ListBootcamp.swift in Sources */,
				5E730D9E2AA3255C00C7A530 /* IconsBootcamp.swift in Sources */,
				5E730E0B2ACFEB1C00C7A530 /* ListSwipeActionsBootcamp.swift in Sources */,
			);
			runOnlyForDeploymentPostprocessing = 0;
		};
/* End PBXSourcesBuildPhase section */

/* Begin XCBuildConfiguration section */
		5E730D902A8A672D00C7A530 /* Debug */ = {
			isa = XCBuildConfiguration;
			buildSettings = {
				ALWAYS_SEARCH_USER_PATHS = NO;
				CLANG_ANALYZER_NONNULL = YES;
				CLANG_ANALYZER_NUMBER_OBJECT_CONVERSION = YES_AGGRESSIVE;
				CLANG_CXX_LANGUAGE_STANDARD = "gnu++20";
				CLANG_ENABLE_MODULES = YES;
				CLANG_ENABLE_OBJC_ARC = YES;
				CLANG_ENABLE_OBJC_WEAK = YES;
				CLANG_WARN_BLOCK_CAPTURE_AUTORELEASING = YES;
				CLANG_WARN_BOOL_CONVERSION = YES;
				CLANG_WARN_COMMA = YES;
				CLANG_WARN_CONSTANT_CONVERSION = YES;
				CLANG_WARN_DEPRECATED_OBJC_IMPLEMENTATIONS = YES;
				CLANG_WARN_DIRECT_OBJC_ISA_USAGE = YES_ERROR;
				CLANG_WARN_DOCUMENTATION_COMMENTS = YES;
				CLANG_WARN_EMPTY_BODY = YES;
				CLANG_WARN_ENUM_CONVERSION = YES;
				CLANG_WARN_INFINITE_RECURSION = YES;
				CLANG_WARN_INT_CONVERSION = YES;
				CLANG_WARN_NON_LITERAL_NULL_CONVERSION = YES;
				CLANG_WARN_OBJC_IMPLICIT_RETAIN_SELF = YES;
				CLANG_WARN_OBJC_LITERAL_CONVERSION = YES;
				CLANG_WARN_OBJC_ROOT_CLASS = YES_ERROR;
				CLANG_WARN_QUOTED_INCLUDE_IN_FRAMEWORK_HEADER = YES;
				CLANG_WARN_RANGE_LOOP_ANALYSIS = YES;
				CLANG_WARN_STRICT_PROTOTYPES = YES;
				CLANG_WARN_SUSPICIOUS_MOVE = YES;
				CLANG_WARN_UNGUARDED_AVAILABILITY = YES_AGGRESSIVE;
				CLANG_WARN_UNREACHABLE_CODE = YES;
				CLANG_WARN__DUPLICATE_METHOD_MATCH = YES;
				COPY_PHASE_STRIP = NO;
				DEBUG_INFORMATION_FORMAT = dwarf;
				ENABLE_STRICT_OBJC_MSGSEND = YES;
				ENABLE_TESTABILITY = YES;
				GCC_C_LANGUAGE_STANDARD = gnu11;
				GCC_DYNAMIC_NO_PIC = NO;
				GCC_NO_COMMON_BLOCKS = YES;
				GCC_OPTIMIZATION_LEVEL = 0;
				GCC_PREPROCESSOR_DEFINITIONS = (
					"DEBUG=1",
					"$(inherited)",
				);
				GCC_WARN_64_TO_32_BIT_CONVERSION = YES;
				GCC_WARN_ABOUT_RETURN_TYPE = YES_ERROR;
				GCC_WARN_UNDECLARED_SELECTOR = YES;
				GCC_WARN_UNINITIALIZED_AUTOS = YES_AGGRESSIVE;
				GCC_WARN_UNUSED_FUNCTION = YES;
				GCC_WARN_UNUSED_VARIABLE = YES;
				IPHONEOS_DEPLOYMENT_TARGET = 16.2;
				MTL_ENABLE_DEBUG_INFO = INCLUDE_SOURCE;
				MTL_FAST_MATH = YES;
				ONLY_ACTIVE_ARCH = YES;
				SDKROOT = iphoneos;
				SWIFT_ACTIVE_COMPILATION_CONDITIONS = DEBUG;
				SWIFT_OPTIMIZATION_LEVEL = "-Onone";
			};
			name = Debug;
		};
		5E730D912A8A672D00C7A530 /* Release */ = {
			isa = XCBuildConfiguration;
			buildSettings = {
				ALWAYS_SEARCH_USER_PATHS = NO;
				CLANG_ANALYZER_NONNULL = YES;
				CLANG_ANALYZER_NUMBER_OBJECT_CONVERSION = YES_AGGRESSIVE;
				CLANG_CXX_LANGUAGE_STANDARD = "gnu++20";
				CLANG_ENABLE_MODULES = YES;
				CLANG_ENABLE_OBJC_ARC = YES;
				CLANG_ENABLE_OBJC_WEAK = YES;
				CLANG_WARN_BLOCK_CAPTURE_AUTORELEASING = YES;
				CLANG_WARN_BOOL_CONVERSION = YES;
				CLANG_WARN_COMMA = YES;
				CLANG_WARN_CONSTANT_CONVERSION = YES;
				CLANG_WARN_DEPRECATED_OBJC_IMPLEMENTATIONS = YES;
				CLANG_WARN_DIRECT_OBJC_ISA_USAGE = YES_ERROR;
				CLANG_WARN_DOCUMENTATION_COMMENTS = YES;
				CLANG_WARN_EMPTY_BODY = YES;
				CLANG_WARN_ENUM_CONVERSION = YES;
				CLANG_WARN_INFINITE_RECURSION = YES;
				CLANG_WARN_INT_CONVERSION = YES;
				CLANG_WARN_NON_LITERAL_NULL_CONVERSION = YES;
				CLANG_WARN_OBJC_IMPLICIT_RETAIN_SELF = YES;
				CLANG_WARN_OBJC_LITERAL_CONVERSION = YES;
				CLANG_WARN_OBJC_ROOT_CLASS = YES_ERROR;
				CLANG_WARN_QUOTED_INCLUDE_IN_FRAMEWORK_HEADER = YES;
				CLANG_WARN_RANGE_LOOP_ANALYSIS = YES;
				CLANG_WARN_STRICT_PROTOTYPES = YES;
				CLANG_WARN_SUSPICIOUS_MOVE = YES;
				CLANG_WARN_UNGUARDED_AVAILABILITY = YES_AGGRESSIVE;
				CLANG_WARN_UNREACHABLE_CODE = YES;
				CLANG_WARN__DUPLICATE_METHOD_MATCH = YES;
				COPY_PHASE_STRIP = NO;
				DEBUG_INFORMATION_FORMAT = "dwarf-with-dsym";
				ENABLE_NS_ASSERTIONS = NO;
				ENABLE_STRICT_OBJC_MSGSEND = YES;
				GCC_C_LANGUAGE_STANDARD = gnu11;
				GCC_NO_COMMON_BLOCKS = YES;
				GCC_WARN_64_TO_32_BIT_CONVERSION = YES;
				GCC_WARN_ABOUT_RETURN_TYPE = YES_ERROR;
				GCC_WARN_UNDECLARED_SELECTOR = YES;
				GCC_WARN_UNINITIALIZED_AUTOS = YES_AGGRESSIVE;
				GCC_WARN_UNUSED_FUNCTION = YES;
				GCC_WARN_UNUSED_VARIABLE = YES;
				IPHONEOS_DEPLOYMENT_TARGET = 16.2;
				MTL_ENABLE_DEBUG_INFO = NO;
				MTL_FAST_MATH = YES;
				SDKROOT = iphoneos;
				SWIFT_COMPILATION_MODE = wholemodule;
				SWIFT_OPTIMIZATION_LEVEL = "-O";
				VALIDATE_PRODUCT = YES;
			};
			name = Release;
		};
		5E730D932A8A672D00C7A530 /* Debug */ = {
			isa = XCBuildConfiguration;
			buildSettings = {
				ASSETCATALOG_COMPILER_APPICON_NAME = AppIcon;
				ASSETCATALOG_COMPILER_GLOBAL_ACCENT_COLOR_NAME = AccentColor;
				CODE_SIGN_STYLE = Automatic;
				CURRENT_PROJECT_VERSION = 1;
				DEVELOPMENT_ASSET_PATHS = "\"SwiftfulThinkingBootcamp/Preview Content\"";
				ENABLE_PREVIEWS = YES;
				GENERATE_INFOPLIST_FILE = YES;
				INFOPLIST_KEY_UIApplicationSceneManifest_Generation = YES;
				INFOPLIST_KEY_UIApplicationSupportsIndirectInputEvents = YES;
				INFOPLIST_KEY_UILaunchScreen_Generation = YES;
				INFOPLIST_KEY_UISupportedInterfaceOrientations_iPad = "UIInterfaceOrientationPortrait UIInterfaceOrientationPortraitUpsideDown UIInterfaceOrientationLandscapeLeft UIInterfaceOrientationLandscapeRight";
				INFOPLIST_KEY_UISupportedInterfaceOrientations_iPhone = "UIInterfaceOrientationPortrait UIInterfaceOrientationLandscapeLeft UIInterfaceOrientationLandscapeRight";
				LD_RUNPATH_SEARCH_PATHS = (
					"$(inherited)",
					"@executable_path/Frameworks",
				);
				MARKETING_VERSION = 1.0;
				PRODUCT_BUNDLE_IDENTIFIER = com.allen.wong.SwiftfulThinkingBootcamp;
				PRODUCT_NAME = "$(TARGET_NAME)";
				SWIFT_EMIT_LOC_STRINGS = YES;
				SWIFT_VERSION = 5.0;
				TARGETED_DEVICE_FAMILY = "1,2";
			};
			name = Debug;
		};
		5E730D942A8A672D00C7A530 /* Release */ = {
			isa = XCBuildConfiguration;
			buildSettings = {
				ASSETCATALOG_COMPILER_APPICON_NAME = AppIcon;
				ASSETCATALOG_COMPILER_GLOBAL_ACCENT_COLOR_NAME = AccentColor;
				CODE_SIGN_STYLE = Automatic;
				CURRENT_PROJECT_VERSION = 1;
				DEVELOPMENT_ASSET_PATHS = "\"SwiftfulThinkingBootcamp/Preview Content\"";
				ENABLE_PREVIEWS = YES;
				GENERATE_INFOPLIST_FILE = YES;
				INFOPLIST_KEY_UIApplicationSceneManifest_Generation = YES;
				INFOPLIST_KEY_UIApplicationSupportsIndirectInputEvents = YES;
				INFOPLIST_KEY_UILaunchScreen_Generation = YES;
				INFOPLIST_KEY_UISupportedInterfaceOrientations_iPad = "UIInterfaceOrientationPortrait UIInterfaceOrientationPortraitUpsideDown UIInterfaceOrientationLandscapeLeft UIInterfaceOrientationLandscapeRight";
				INFOPLIST_KEY_UISupportedInterfaceOrientations_iPhone = "UIInterfaceOrientationPortrait UIInterfaceOrientationLandscapeLeft UIInterfaceOrientationLandscapeRight";
				LD_RUNPATH_SEARCH_PATHS = (
					"$(inherited)",
					"@executable_path/Frameworks",
				);
				MARKETING_VERSION = 1.0;
				PRODUCT_BUNDLE_IDENTIFIER = com.allen.wong.SwiftfulThinkingBootcamp;
				PRODUCT_NAME = "$(TARGET_NAME)";
				SWIFT_EMIT_LOC_STRINGS = YES;
				SWIFT_VERSION = 5.0;
				TARGETED_DEVICE_FAMILY = "1,2";
			};
			name = Release;
		};
/* End XCBuildConfiguration section */

/* Begin XCConfigurationList section */
		5E730D7F2A8A672B00C7A530 /* Build configuration list for PBXProject "SwiftfulThinkingBootcamp" */ = {
			isa = XCConfigurationList;
			buildConfigurations = (
				5E730D902A8A672D00C7A530 /* Debug */,
				5E730D912A8A672D00C7A530 /* Release */,
			);
			defaultConfigurationIsVisible = 0;
			defaultConfigurationName = Release;
		};
		5E730D922A8A672D00C7A530 /* Build configuration list for PBXNativeTarget "SwiftfulThinkingBootcamp" */ = {
			isa = XCConfigurationList;
			buildConfigurations = (
				5E730D932A8A672D00C7A530 /* Debug */,
				5E730D942A8A672D00C7A530 /* Release */,
			);
			defaultConfigurationIsVisible = 0;
			defaultConfigurationName = Release;
		};
/* End XCConfigurationList section */
	};
	rootObject = 5E730D7C2A8A672B00C7A530 /* Project object */;
}
